// !$*UTF8*$!
{
	archiveVersion = 1;
	classes = {
	};
	objectVersion = 46;
	objects = {

/* Begin PBXBuildFile section */
		90DD68AE76B44D488C943B7F /* libPods.a in Frameworks */ = {isa = PBXBuildFile; fileRef = 7A3B13C0CBB24EE987E24C06 /* libPods.a */; };
		952C1ADA192AE93600964586 /* Main.storyboard in Resources */ = {isa = PBXBuildFile; fileRef = 952C1AD5192AE93600964586 /* Main.storyboard */; };
		952C1ADC192AE93600964586 /* SIHomeViewController.m in Sources */ = {isa = PBXBuildFile; fileRef = 952C1AD9192AE93600964586 /* SIHomeViewController.m */; };
		9557169A18DD5B2C00FE61B1 /* splash35@2x.jpg in Resources */ = {isa = PBXBuildFile; fileRef = 9557169818DD5B2C00FE61B1 /* splash35@2x.jpg */; };
		9557169B18DD5B2C00FE61B1 /* splash40@2x.jpg in Resources */ = {isa = PBXBuildFile; fileRef = 9557169918DD5B2C00FE61B1 /* splash40@2x.jpg */; };
		955F3169192EEE4000DD0D71 /* CompanyCustomInbox.m in Sources */ = {isa = PBXBuildFile; fileRef = 955F3147192EEE4000DD0D71 /* CompanyCustomInbox.m */; };
		955F316A192EEE4000DD0D71 /* CompanyDetailsVC.m in Sources */ = {isa = PBXBuildFile; fileRef = 955F3149192EEE4000DD0D71 /* CompanyDetailsVC.m */; };
		955F316B192EEE4000DD0D71 /* CompanyDetailsVC.xib in Resources */ = {isa = PBXBuildFile; fileRef = 955F314A192EEE4000DD0D71 /* CompanyDetailsVC.xib */; };
		955F316C192EEE4000DD0D71 /* CompanyInbox.xcdatamodel in Sources */ = {isa = PBXBuildFile; fileRef = 955F314B192EEE4000DD0D71 /* CompanyInbox.xcdatamodel */; };
		955F316D192EEE4000DD0D71 /* CompanyInboxHandler.m in Sources */ = {isa = PBXBuildFile; fileRef = 955F314D192EEE4000DD0D71 /* CompanyInboxHandler.m */; };
		955F316E192EEE4000DD0D71 /* CompanyInboxVC-pad.xib in Resources */ = {isa = PBXBuildFile; fileRef = 955F314E192EEE4000DD0D71 /* CompanyInboxVC-pad.xib */; };
		955F316F192EEE4000DD0D71 /* CompanyInboxVC.m in Sources */ = {isa = PBXBuildFile; fileRef = 955F3150192EEE4000DD0D71 /* CompanyInboxVC.m */; };
		955F3170192EEE4000DD0D71 /* CompanyInboxVC.xib in Resources */ = {isa = PBXBuildFile; fileRef = 955F3151192EEE4000DD0D71 /* CompanyInboxVC.xib */; };
		955F3171192EEE4000DD0D71 /* CompanyInboxViewCell.m in Sources */ = {isa = PBXBuildFile; fileRef = 955F3153192EEE4000DD0D71 /* CompanyInboxViewCell.m */; };
		955F3172192EEE4000DD0D71 /* CompanyInboxViewCell.xib in Resources */ = {isa = PBXBuildFile; fileRef = 955F3154192EEE4000DD0D71 /* CompanyInboxViewCell.xib */; };
		955F3173192EEE4000DD0D71 /* XLXtifyOptions.m in Sources */ = {isa = PBXBuildFile; fileRef = 955F315E192EEE4000DD0D71 /* XLXtifyOptions.m */; };
		955F3174192EEE4000DD0D71 /* chime.caf in Resources */ = {isa = PBXBuildFile; fileRef = 955F3162192EEE4000DD0D71 /* chime.caf */; };
		955F3175192EEE4000DD0D71 /* ding.caf in Resources */ = {isa = PBXBuildFile; fileRef = 955F3163192EEE4000DD0D71 /* ding.caf */; };
		955F3176192EEE4000DD0D71 /* expireMsgTemplate.html in Resources */ = {isa = PBXBuildFile; fileRef = 955F3164192EEE4000DD0D71 /* expireMsgTemplate.html */; };
		955F3177192EEE4000DD0D71 /* richnotification.mom in Resources */ = {isa = PBXBuildFile; fileRef = 955F3165192EEE4000DD0D71 /* richnotification.mom */; };
		955F3178192EEE4000DD0D71 /* richnotificationV1.15.mom in Resources */ = {isa = PBXBuildFile; fileRef = 955F3166192EEE4000DD0D71 /* richnotificationV1.15.mom */; };
		955F3179192EEE4000DD0D71 /* silence.caf in Resources */ = {isa = PBXBuildFile; fileRef = 955F3167192EEE4000DD0D71 /* silence.caf */; };
		955F317A192EEE4000DD0D71 /* XtifyPush.framework in Frameworks */ = {isa = PBXBuildFile; fileRef = 955F3168192EEE4000DD0D71 /* XtifyPush.framework */; };
		955F3180192EF05500DD0D71 /* SystemConfiguration.framework in Frameworks */ = {isa = PBXBuildFile; fileRef = 955F317F192EF05500DD0D71 /* SystemConfiguration.framework */; };
		955F3182192EF05F00DD0D71 /* MapKit.framework in Frameworks */ = {isa = PBXBuildFile; fileRef = 955F3181192EF05F00DD0D71 /* MapKit.framework */; };
		955F3184192EF06A00DD0D71 /* CoreData.framework in Frameworks */ = {isa = PBXBuildFile; fileRef = 955F3183192EF06A00DD0D71 /* CoreData.framework */; };
		955F3186192EF07400DD0D71 /* MessageUI.framework in Frameworks */ = {isa = PBXBuildFile; fileRef = 955F3185192EF07400DD0D71 /* MessageUI.framework */; };
		955F3188192EF07D00DD0D71 /* CoreLocation.framework in Frameworks */ = {isa = PBXBuildFile; fileRef = 955F3187192EF07D00DD0D71 /* CoreLocation.framework */; };
		955F318A192EF08900DD0D71 /* CFNetwork.framework in Frameworks */ = {isa = PBXBuildFile; fileRef = 955F3189192EF08900DD0D71 /* CFNetwork.framework */; };
		955F318C192EF09500DD0D71 /* libxml2.2.dylib in Frameworks */ = {isa = PBXBuildFile; fileRef = 955F318B192EF09500DD0D71 /* libxml2.2.dylib */; };
		955F318E192EF09F00DD0D71 /* libz.1.1.3.dylib in Frameworks */ = {isa = PBXBuildFile; fileRef = 955F318D192EF09F00DD0D71 /* libz.1.1.3.dylib */; };
		955F3190192EF0AA00DD0D71 /* MobileCoreServices.framework in Frameworks */ = {isa = PBXBuildFile; fileRef = 955F318F192EF0AA00DD0D71 /* MobileCoreServices.framework */; };
		955F3192192EF0B300DD0D71 /* CoreTelephony.framework in Frameworks */ = {isa = PBXBuildFile; fileRef = 955F3191192EF0B300DD0D71 /* CoreTelephony.framework */; };
		955F3196192EF15C00DD0D71 /* SI_Reachability.m in Sources */ = {isa = PBXBuildFile; fileRef = 955F3195192EF15C00DD0D71 /* SI_Reachability.m */; };
		9566CA0218DD3E0F002F3D89 /* SIImageFetcher.m in Sources */ = {isa = PBXBuildFile; fileRef = 9566CA0118DD3E0F002F3D89 /* SIImageFetcher.m */; };
		9566CA0F18DD5314002F3D89 /* Icon-40.png in Resources */ = {isa = PBXBuildFile; fileRef = 9566CA0718DD5313002F3D89 /* Icon-40.png */; };
		9566CA1018DD5314002F3D89 /* Icon-40@2x.png in Resources */ = {isa = PBXBuildFile; fileRef = 9566CA0818DD5313002F3D89 /* Icon-40@2x.png */; };
		9566CA1118DD5314002F3D89 /* Icon-60.png in Resources */ = {isa = PBXBuildFile; fileRef = 9566CA0918DD5313002F3D89 /* Icon-60.png */; };
		9566CA1218DD5314002F3D89 /* Icon-60@2x.png in Resources */ = {isa = PBXBuildFile; fileRef = 9566CA0A18DD5313002F3D89 /* Icon-60@2x.png */; };
		9566CA1318DD5314002F3D89 /* Icon-76.png in Resources */ = {isa = PBXBuildFile; fileRef = 9566CA0B18DD5313002F3D89 /* Icon-76.png */; };
		9566CA1418DD5314002F3D89 /* Icon-76@2x.png in Resources */ = {isa = PBXBuildFile; fileRef = 9566CA0C18DD5314002F3D89 /* Icon-76@2x.png */; };
		9566CA1518DD5314002F3D89 /* Icon-Small.png in Resources */ = {isa = PBXBuildFile; fileRef = 9566CA0D18DD5314002F3D89 /* Icon-Small.png */; };
		9566CA1618DD5314002F3D89 /* Icon-Small@2x.png in Resources */ = {isa = PBXBuildFile; fileRef = 9566CA0E18DD5314002F3D89 /* Icon-Small@2x.png */; };
		95A0F65F18DC730E00DEB0C7 /* Foundation.framework in Frameworks */ = {isa = PBXBuildFile; fileRef = 95A0F65E18DC730E00DEB0C7 /* Foundation.framework */; };
		95A0F66118DC730E00DEB0C7 /* CoreGraphics.framework in Frameworks */ = {isa = PBXBuildFile; fileRef = 95A0F66018DC730E00DEB0C7 /* CoreGraphics.framework */; };
		95A0F66318DC730E00DEB0C7 /* UIKit.framework in Frameworks */ = {isa = PBXBuildFile; fileRef = 95A0F66218DC730E00DEB0C7 /* UIKit.framework */; };
		95A0F66918DC730E00DEB0C7 /* InfoPlist.strings in Resources */ = {isa = PBXBuildFile; fileRef = 95A0F66718DC730E00DEB0C7 /* InfoPlist.strings */; };
		95A0F66B18DC730E00DEB0C7 /* main.m in Sources */ = {isa = PBXBuildFile; fileRef = 95A0F66A18DC730E00DEB0C7 /* main.m */; };
		95A0F66F18DC730E00DEB0C7 /* SIAppDelegate.m in Sources */ = {isa = PBXBuildFile; fileRef = 95A0F66E18DC730E00DEB0C7 /* SIAppDelegate.m */; };
		95A0F67518DC730E00DEB0C7 /* SIMasterViewController.m in Sources */ = {isa = PBXBuildFile; fileRef = 95A0F67418DC730E00DEB0C7 /* SIMasterViewController.m */; };
		95A0F67818DC730E00DEB0C7 /* SIDetailViewController.m in Sources */ = {isa = PBXBuildFile; fileRef = 95A0F67718DC730E00DEB0C7 /* SIDetailViewController.m */; };
		95A0F67A18DC730E00DEB0C7 /* Images.xcassets in Resources */ = {isa = PBXBuildFile; fileRef = 95A0F67918DC730E00DEB0C7 /* Images.xcassets */; };
		95A0F68118DC730E00DEB0C7 /* XCTest.framework in Frameworks */ = {isa = PBXBuildFile; fileRef = 95A0F68018DC730E00DEB0C7 /* XCTest.framework */; };
		95A0F68218DC730E00DEB0C7 /* Foundation.framework in Frameworks */ = {isa = PBXBuildFile; fileRef = 95A0F65E18DC730E00DEB0C7 /* Foundation.framework */; };
		95A0F68318DC730E00DEB0C7 /* UIKit.framework in Frameworks */ = {isa = PBXBuildFile; fileRef = 95A0F66218DC730E00DEB0C7 /* UIKit.framework */; };
		95A0F68B18DC730E00DEB0C7 /* InfoPlist.strings in Resources */ = {isa = PBXBuildFile; fileRef = 95A0F68918DC730E00DEB0C7 /* InfoPlist.strings */; };
		95A0F68D18DC730E00DEB0C7 /* Staples_InventoryTests.m in Sources */ = {isa = PBXBuildFile; fileRef = 95A0F68C18DC730E00DEB0C7 /* Staples_InventoryTests.m */; };
		95A0F69A18DCB14400DEB0C7 /* SISkuData.m in Sources */ = {isa = PBXBuildFile; fileRef = 95A0F69918DCB14400DEB0C7 /* SISkuData.m */; };
/* End PBXBuildFile section */

/* Begin PBXContainerItemProxy section */
		95A0F68418DC730E00DEB0C7 /* PBXContainerItemProxy */ = {
			isa = PBXContainerItemProxy;
			containerPortal = 95A0F65318DC730E00DEB0C7 /* Project object */;
			proxyType = 1;
			remoteGlobalIDString = 95A0F65A18DC730E00DEB0C7;
			remoteInfo = "Staples Inventory";
		};
/* End PBXContainerItemProxy section */

/* Begin PBXFileReference section */
		71DF080302C64F4ABA869FDF /* Pods.xcconfig */ = {isa = PBXFileReference; includeInIndex = 1; lastKnownFileType = text.xcconfig; name = Pods.xcconfig; path = Pods/Pods.xcconfig; sourceTree = "<group>"; };
		7A3B13C0CBB24EE987E24C06 /* libPods.a */ = {isa = PBXFileReference; explicitFileType = archive.ar; includeInIndex = 0; path = libPods.a; sourceTree = BUILT_PRODUCTS_DIR; };
		952C1AD5192AE93600964586 /* Main.storyboard */ = {isa = PBXFileReference; fileEncoding = 4; lastKnownFileType = file.storyboard; name = Main.storyboard; path = "Staples Inventory/Main.storyboard"; sourceTree = "<group>"; };
		952C1AD8192AE93600964586 /* SIHomeViewController.h */ = {isa = PBXFileReference; fileEncoding = 4; lastKnownFileType = sourcecode.c.h; path = SIHomeViewController.h; sourceTree = "<group>"; };
		952C1AD9192AE93600964586 /* SIHomeViewController.m */ = {isa = PBXFileReference; fileEncoding = 4; lastKnownFileType = sourcecode.c.objc; path = SIHomeViewController.m; sourceTree = "<group>"; };
		954A22231936D27E00FF9E3A /* urlConstants.h */ = {isa = PBXFileReference; fileEncoding = 4; lastKnownFileType = sourcecode.c.h; path = urlConstants.h; sourceTree = "<group>"; };
		9557169818DD5B2C00FE61B1 /* splash35@2x.jpg */ = {isa = PBXFileReference; lastKnownFileType = image.jpeg; path = "splash35@2x.jpg"; sourceTree = "<group>"; };
		9557169918DD5B2C00FE61B1 /* splash40@2x.jpg */ = {isa = PBXFileReference; lastKnownFileType = image.jpeg; path = "splash40@2x.jpg"; sourceTree = "<group>"; };
		955F3141192EE98200DD0D71 /* libPods-XtifyLib.a */ = {isa = PBXFileReference; lastKnownFileType = archive.ar; name = "libPods-XtifyLib.a"; path = "Pods/build/Debug-iphoneos/libPods-XtifyLib.a"; sourceTree = "<group>"; };
		955F3146192EEE4000DD0D71 /* CompanyCustomInbox.h */ = {isa = PBXFileReference; fileEncoding = 4; lastKnownFileType = sourcecode.c.h; path = CompanyCustomInbox.h; sourceTree = "<group>"; };
		955F3147192EEE4000DD0D71 /* CompanyCustomInbox.m */ = {isa = PBXFileReference; fileEncoding = 4; lastKnownFileType = sourcecode.c.objc; path = CompanyCustomInbox.m; sourceTree = "<group>"; };
		955F3148192EEE4000DD0D71 /* CompanyDetailsVC.h */ = {isa = PBXFileReference; fileEncoding = 4; lastKnownFileType = sourcecode.c.h; path = CompanyDetailsVC.h; sourceTree = "<group>"; };
		955F3149192EEE4000DD0D71 /* CompanyDetailsVC.m */ = {isa = PBXFileReference; fileEncoding = 4; lastKnownFileType = sourcecode.c.objc; path = CompanyDetailsVC.m; sourceTree = "<group>"; };
		955F314A192EEE4000DD0D71 /* CompanyDetailsVC.xib */ = {isa = PBXFileReference; fileEncoding = 4; lastKnownFileType = file.xib; path = CompanyDetailsVC.xib; sourceTree = "<group>"; };
		955F314B192EEE4000DD0D71 /* CompanyInbox.xcdatamodel */ = {isa = PBXFileReference; lastKnownFileType = wrapper.xcdatamodel; path = CompanyInbox.xcdatamodel; sourceTree = "<group>"; };
		955F314C192EEE4000DD0D71 /* CompanyInboxHandler.h */ = {isa = PBXFileReference; fileEncoding = 4; lastKnownFileType = sourcecode.c.h; path = CompanyInboxHandler.h; sourceTree = "<group>"; };
		955F314D192EEE4000DD0D71 /* CompanyInboxHandler.m */ = {isa = PBXFileReference; fileEncoding = 4; lastKnownFileType = sourcecode.c.objc; path = CompanyInboxHandler.m; sourceTree = "<group>"; };
		955F314E192EEE4000DD0D71 /* CompanyInboxVC-pad.xib */ = {isa = PBXFileReference; fileEncoding = 4; lastKnownFileType = file.xib; path = "CompanyInboxVC-pad.xib"; sourceTree = "<group>"; };
		955F314F192EEE4000DD0D71 /* CompanyInboxVC.h */ = {isa = PBXFileReference; fileEncoding = 4; lastKnownFileType = sourcecode.c.h; path = CompanyInboxVC.h; sourceTree = "<group>"; };
		955F3150192EEE4000DD0D71 /* CompanyInboxVC.m */ = {isa = PBXFileReference; fileEncoding = 4; lastKnownFileType = sourcecode.c.objc; path = CompanyInboxVC.m; sourceTree = "<group>"; };
		955F3151192EEE4000DD0D71 /* CompanyInboxVC.xib */ = {isa = PBXFileReference; fileEncoding = 4; lastKnownFileType = file.xib; path = CompanyInboxVC.xib; sourceTree = "<group>"; };
		955F3152192EEE4000DD0D71 /* CompanyInboxViewCell.h */ = {isa = PBXFileReference; fileEncoding = 4; lastKnownFileType = sourcecode.c.h; path = CompanyInboxViewCell.h; sourceTree = "<group>"; };
		955F3153192EEE4000DD0D71 /* CompanyInboxViewCell.m */ = {isa = PBXFileReference; fileEncoding = 4; lastKnownFileType = sourcecode.c.objc; path = CompanyInboxViewCell.m; sourceTree = "<group>"; };
		955F3154192EEE4000DD0D71 /* CompanyInboxViewCell.xib */ = {isa = PBXFileReference; fileEncoding = 4; lastKnownFileType = file.xib; path = CompanyInboxViewCell.xib; sourceTree = "<group>"; };
		955F3156192EEE4000DD0D71 /* XRInboxDbInterface.h */ = {isa = PBXFileReference; fileEncoding = 4; lastKnownFileType = sourcecode.c.h; path = XRInboxDbInterface.h; sourceTree = "<group>"; };
		955F3157192EEE4000DD0D71 /* XRInboxUiDbDelegate.h */ = {isa = PBXFileReference; fileEncoding = 4; lastKnownFileType = sourcecode.c.h; path = XRInboxUiDbDelegate.h; sourceTree = "<group>"; };
		955F3158192EEE4000DD0D71 /* RichDbMessage.h */ = {isa = PBXFileReference; fileEncoding = 4; lastKnownFileType = sourcecode.c.h; path = RichDbMessage.h; sourceTree = "<group>"; };
		955F3159192EEE4000DD0D71 /* XLappMgr.h */ = {isa = PBXFileReference; fileEncoding = 4; lastKnownFileType = sourcecode.c.h; path = XLappMgr.h; sourceTree = "<group>"; };
		955F315A192EEE4000DD0D71 /* XLCustomInboxMgr.h */ = {isa = PBXFileReference; fileEncoding = 4; lastKnownFileType = sourcecode.c.h; path = XLCustomInboxMgr.h; sourceTree = "<group>"; };
		955F315B192EEE4000DD0D71 /* XLhmSupport.h */ = {isa = PBXFileReference; fileEncoding = 4; lastKnownFileType = sourcecode.c.h; path = XLhmSupport.h; sourceTree = "<group>"; };
		955F315C192EEE4000DD0D71 /* XLRichJsonMessage.h */ = {isa = PBXFileReference; fileEncoding = 4; lastKnownFileType = sourcecode.c.h; path = XLRichJsonMessage.h; sourceTree = "<group>"; };
		955F315D192EEE4000DD0D71 /* XLXtifyOptions.h */ = {isa = PBXFileReference; fileEncoding = 4; lastKnownFileType = sourcecode.c.h; path = XLXtifyOptions.h; sourceTree = "<group>"; };
		955F315E192EEE4000DD0D71 /* XLXtifyOptions.m */ = {isa = PBXFileReference; fileEncoding = 4; lastKnownFileType = sourcecode.c.objc; path = XLXtifyOptions.m; sourceTree = "<group>"; };
		955F315F192EEE4000DD0D71 /* XtifyGlobal.h */ = {isa = PBXFileReference; fileEncoding = 4; lastKnownFileType = sourcecode.c.h; path = XtifyGlobal.h; sourceTree = "<group>"; };
		955F3162192EEE4000DD0D71 /* chime.caf */ = {isa = PBXFileReference; lastKnownFileType = file; path = chime.caf; sourceTree = "<group>"; };
		955F3163192EEE4000DD0D71 /* ding.caf */ = {isa = PBXFileReference; lastKnownFileType = file; path = ding.caf; sourceTree = "<group>"; };
		955F3164192EEE4000DD0D71 /* expireMsgTemplate.html */ = {isa = PBXFileReference; fileEncoding = 4; lastKnownFileType = text.html; path = expireMsgTemplate.html; sourceTree = "<group>"; };
		955F3165192EEE4000DD0D71 /* richnotification.mom */ = {isa = PBXFileReference; lastKnownFileType = file.bplist; path = richnotification.mom; sourceTree = "<group>"; };
		955F3166192EEE4000DD0D71 /* richnotificationV1.15.mom */ = {isa = PBXFileReference; lastKnownFileType = file.bplist; path = richnotificationV1.15.mom; sourceTree = "<group>"; };
		955F3167192EEE4000DD0D71 /* silence.caf */ = {isa = PBXFileReference; lastKnownFileType = file; path = silence.caf; sourceTree = "<group>"; };
		955F3168192EEE4000DD0D71 /* XtifyPush.framework */ = {isa = PBXFileReference; lastKnownFileType = wrapper.framework; path = XtifyPush.framework; sourceTree = "<group>"; };
		955F317F192EF05500DD0D71 /* SystemConfiguration.framework */ = {isa = PBXFileReference; lastKnownFileType = wrapper.framework; name = SystemConfiguration.framework; path = System/Library/Frameworks/SystemConfiguration.framework; sourceTree = SDKROOT; };
		955F3181192EF05F00DD0D71 /* MapKit.framework */ = {isa = PBXFileReference; lastKnownFileType = wrapper.framework; name = MapKit.framework; path = System/Library/Frameworks/MapKit.framework; sourceTree = SDKROOT; };
		955F3183192EF06A00DD0D71 /* CoreData.framework */ = {isa = PBXFileReference; lastKnownFileType = wrapper.framework; name = CoreData.framework; path = System/Library/Frameworks/CoreData.framework; sourceTree = SDKROOT; };
		955F3185192EF07400DD0D71 /* MessageUI.framework */ = {isa = PBXFileReference; lastKnownFileType = wrapper.framework; name = MessageUI.framework; path = System/Library/Frameworks/MessageUI.framework; sourceTree = SDKROOT; };
		955F3187192EF07D00DD0D71 /* CoreLocation.framework */ = {isa = PBXFileReference; lastKnownFileType = wrapper.framework; name = CoreLocation.framework; path = System/Library/Frameworks/CoreLocation.framework; sourceTree = SDKROOT; };
		955F3189192EF08900DD0D71 /* CFNetwork.framework */ = {isa = PBXFileReference; lastKnownFileType = wrapper.framework; name = CFNetwork.framework; path = System/Library/Frameworks/CFNetwork.framework; sourceTree = SDKROOT; };
		955F318B192EF09500DD0D71 /* libxml2.2.dylib */ = {isa = PBXFileReference; lastKnownFileType = "compiled.mach-o.dylib"; name = libxml2.2.dylib; path = usr/lib/libxml2.2.dylib; sourceTree = SDKROOT; };
		955F318D192EF09F00DD0D71 /* libz.1.1.3.dylib */ = {isa = PBXFileReference; lastKnownFileType = "compiled.mach-o.dylib"; name = libz.1.1.3.dylib; path = usr/lib/libz.1.1.3.dylib; sourceTree = SDKROOT; };
		955F318F192EF0AA00DD0D71 /* MobileCoreServices.framework */ = {isa = PBXFileReference; lastKnownFileType = wrapper.framework; name = MobileCoreServices.framework; path = System/Library/Frameworks/MobileCoreServices.framework; sourceTree = SDKROOT; };
		955F3191192EF0B300DD0D71 /* CoreTelephony.framework */ = {isa = PBXFileReference; lastKnownFileType = wrapper.framework; name = CoreTelephony.framework; path = System/Library/Frameworks/CoreTelephony.framework; sourceTree = SDKROOT; };
		955F3194192EF15100DD0D71 /* SI_Reachability.h */ = {isa = PBXFileReference; lastKnownFileType = sourcecode.c.h; path = SI_Reachability.h; sourceTree = "<group>"; };
		955F3195192EF15C00DD0D71 /* SI_Reachability.m */ = {isa = PBXFileReference; fileEncoding = 4; lastKnownFileType = sourcecode.c.objc; path = SI_Reachability.m; sourceTree = "<group>"; };
		9566CA0018DD3E0F002F3D89 /* SIImageFetcher.h */ = {isa = PBXFileReference; fileEncoding = 4; lastKnownFileType = sourcecode.c.h; path = SIImageFetcher.h; sourceTree = "<group>"; };
		9566CA0118DD3E0F002F3D89 /* SIImageFetcher.m */ = {isa = PBXFileReference; fileEncoding = 4; lastKnownFileType = sourcecode.c.objc; path = SIImageFetcher.m; sourceTree = "<group>"; };
		9566CA0718DD5313002F3D89 /* Icon-40.png */ = {isa = PBXFileReference; lastKnownFileType = image.png; path = "Icon-40.png"; sourceTree = "<group>"; };
		9566CA0818DD5313002F3D89 /* Icon-40@2x.png */ = {isa = PBXFileReference; lastKnownFileType = image.png; path = "Icon-40@2x.png"; sourceTree = "<group>"; };
		9566CA0918DD5313002F3D89 /* Icon-60.png */ = {isa = PBXFileReference; lastKnownFileType = image.png; path = "Icon-60.png"; sourceTree = "<group>"; };
		9566CA0A18DD5313002F3D89 /* Icon-60@2x.png */ = {isa = PBXFileReference; lastKnownFileType = image.png; path = "Icon-60@2x.png"; sourceTree = "<group>"; };
		9566CA0B18DD5313002F3D89 /* Icon-76.png */ = {isa = PBXFileReference; lastKnownFileType = image.png; path = "Icon-76.png"; sourceTree = "<group>"; };
		9566CA0C18DD5314002F3D89 /* Icon-76@2x.png */ = {isa = PBXFileReference; lastKnownFileType = image.png; path = "Icon-76@2x.png"; sourceTree = "<group>"; };
		9566CA0D18DD5314002F3D89 /* Icon-Small.png */ = {isa = PBXFileReference; lastKnownFileType = image.png; path = "Icon-Small.png"; sourceTree = "<group>"; };
		9566CA0E18DD5314002F3D89 /* Icon-Small@2x.png */ = {isa = PBXFileReference; lastKnownFileType = image.png; path = "Icon-Small@2x.png"; sourceTree = "<group>"; };
		95A0F65B18DC730E00DEB0C7 /* StaplesInventory.app */ = {isa = PBXFileReference; explicitFileType = wrapper.application; includeInIndex = 0; path = StaplesInventory.app; sourceTree = BUILT_PRODUCTS_DIR; };
		95A0F65E18DC730E00DEB0C7 /* Foundation.framework */ = {isa = PBXFileReference; lastKnownFileType = wrapper.framework; name = Foundation.framework; path = System/Library/Frameworks/Foundation.framework; sourceTree = SDKROOT; };
		95A0F66018DC730E00DEB0C7 /* CoreGraphics.framework */ = {isa = PBXFileReference; lastKnownFileType = wrapper.framework; name = CoreGraphics.framework; path = System/Library/Frameworks/CoreGraphics.framework; sourceTree = SDKROOT; };
		95A0F66218DC730E00DEB0C7 /* UIKit.framework */ = {isa = PBXFileReference; lastKnownFileType = wrapper.framework; name = UIKit.framework; path = System/Library/Frameworks/UIKit.framework; sourceTree = SDKROOT; };
		95A0F66618DC730E00DEB0C7 /* StaplesInventory-Info.plist */ = {isa = PBXFileReference; lastKnownFileType = text.plist.xml; path = "StaplesInventory-Info.plist"; sourceTree = "<group>"; };
		95A0F66818DC730E00DEB0C7 /* en */ = {isa = PBXFileReference; lastKnownFileType = text.plist.strings; name = en; path = en.lproj/InfoPlist.strings; sourceTree = "<group>"; };
		95A0F66A18DC730E00DEB0C7 /* main.m */ = {isa = PBXFileReference; lastKnownFileType = sourcecode.c.objc; path = main.m; sourceTree = "<group>"; };
		95A0F66C18DC730E00DEB0C7 /* StaplesInventory-Prefix.pch */ = {isa = PBXFileReference; lastKnownFileType = sourcecode.c.h; path = "StaplesInventory-Prefix.pch"; sourceTree = "<group>"; };
		95A0F66D18DC730E00DEB0C7 /* SIAppDelegate.h */ = {isa = PBXFileReference; lastKnownFileType = sourcecode.c.h; path = SIAppDelegate.h; sourceTree = "<group>"; };
		95A0F66E18DC730E00DEB0C7 /* SIAppDelegate.m */ = {isa = PBXFileReference; lastKnownFileType = sourcecode.c.objc; path = SIAppDelegate.m; sourceTree = "<group>"; };
		95A0F67318DC730E00DEB0C7 /* SIMasterViewController.h */ = {isa = PBXFileReference; lastKnownFileType = sourcecode.c.h; path = SIMasterViewController.h; sourceTree = "<group>"; };
		95A0F67418DC730E00DEB0C7 /* SIMasterViewController.m */ = {isa = PBXFileReference; lastKnownFileType = sourcecode.c.objc; path = SIMasterViewController.m; sourceTree = "<group>"; };
		95A0F67618DC730E00DEB0C7 /* SIDetailViewController.h */ = {isa = PBXFileReference; lastKnownFileType = sourcecode.c.h; path = SIDetailViewController.h; sourceTree = "<group>"; };
		95A0F67718DC730E00DEB0C7 /* SIDetailViewController.m */ = {isa = PBXFileReference; lastKnownFileType = sourcecode.c.objc; path = SIDetailViewController.m; sourceTree = "<group>"; };
		95A0F67918DC730E00DEB0C7 /* Images.xcassets */ = {isa = PBXFileReference; lastKnownFileType = folder.assetcatalog; path = Images.xcassets; sourceTree = "<group>"; };
		95A0F67F18DC730E00DEB0C7 /* StaplesInventoryTests.xctest */ = {isa = PBXFileReference; explicitFileType = wrapper.cfbundle; includeInIndex = 0; path = StaplesInventoryTests.xctest; sourceTree = BUILT_PRODUCTS_DIR; };
		95A0F68018DC730E00DEB0C7 /* XCTest.framework */ = {isa = PBXFileReference; lastKnownFileType = wrapper.framework; name = XCTest.framework; path = Library/Frameworks/XCTest.framework; sourceTree = DEVELOPER_DIR; };
		95A0F68818DC730E00DEB0C7 /* StaplesInventoryTests-Info.plist */ = {isa = PBXFileReference; lastKnownFileType = text.plist.xml; path = "StaplesInventoryTests-Info.plist"; sourceTree = "<group>"; };
		95A0F68A18DC730E00DEB0C7 /* en */ = {isa = PBXFileReference; lastKnownFileType = text.plist.strings; name = en; path = en.lproj/InfoPlist.strings; sourceTree = "<group>"; };
		95A0F68C18DC730E00DEB0C7 /* Staples_InventoryTests.m */ = {isa = PBXFileReference; lastKnownFileType = sourcecode.c.objc; path = Staples_InventoryTests.m; sourceTree = "<group>"; };
		95A0F69818DCB14400DEB0C7 /* SISkuData.h */ = {isa = PBXFileReference; fileEncoding = 4; lastKnownFileType = sourcecode.c.h; path = SISkuData.h; sourceTree = "<group>"; };
		95A0F69918DCB14400DEB0C7 /* SISkuData.m */ = {isa = PBXFileReference; fileEncoding = 4; lastKnownFileType = sourcecode.c.objc; path = SISkuData.m; sourceTree = "<group>"; };
/* End PBXFileReference section */

/* Begin PBXFrameworksBuildPhase section */
		95A0F65818DC730E00DEB0C7 /* Frameworks */ = {
			isa = PBXFrameworksBuildPhase;
			buildActionMask = 2147483647;
			files = (
				955F3192192EF0B300DD0D71 /* CoreTelephony.framework in Frameworks */,
				955F3190192EF0AA00DD0D71 /* MobileCoreServices.framework in Frameworks */,
				955F318E192EF09F00DD0D71 /* libz.1.1.3.dylib in Frameworks */,
				955F318C192EF09500DD0D71 /* libxml2.2.dylib in Frameworks */,
				955F318A192EF08900DD0D71 /* CFNetwork.framework in Frameworks */,
				955F3188192EF07D00DD0D71 /* CoreLocation.framework in Frameworks */,
				955F3186192EF07400DD0D71 /* MessageUI.framework in Frameworks */,
				955F3184192EF06A00DD0D71 /* CoreData.framework in Frameworks */,
				955F3182192EF05F00DD0D71 /* MapKit.framework in Frameworks */,
				955F3180192EF05500DD0D71 /* SystemConfiguration.framework in Frameworks */,
				95A0F66118DC730E00DEB0C7 /* CoreGraphics.framework in Frameworks */,
				95A0F66318DC730E00DEB0C7 /* UIKit.framework in Frameworks */,
				955F317A192EEE4000DD0D71 /* XtifyPush.framework in Frameworks */,
				95A0F65F18DC730E00DEB0C7 /* Foundation.framework in Frameworks */,
				90DD68AE76B44D488C943B7F /* libPods.a in Frameworks */,
			);
			runOnlyForDeploymentPostprocessing = 0;
		};
		95A0F67C18DC730E00DEB0C7 /* Frameworks */ = {
			isa = PBXFrameworksBuildPhase;
			buildActionMask = 2147483647;
			files = (
				95A0F68118DC730E00DEB0C7 /* XCTest.framework in Frameworks */,
				95A0F68318DC730E00DEB0C7 /* UIKit.framework in Frameworks */,
				95A0F68218DC730E00DEB0C7 /* Foundation.framework in Frameworks */,
			);
			runOnlyForDeploymentPostprocessing = 0;
		};
/* End PBXFrameworksBuildPhase section */

/* Begin PBXGroup section */
		955F3143192EEE4000DD0D71 /* XtifyLib */ = {
			isa = PBXGroup;
			children = (
				955F3144192EEE4000DD0D71 /* CustomInbox */,
				955F3158192EEE4000DD0D71 /* RichDbMessage.h */,
				955F3159192EEE4000DD0D71 /* XLappMgr.h */,
				955F315A192EEE4000DD0D71 /* XLCustomInboxMgr.h */,
				955F315B192EEE4000DD0D71 /* XLhmSupport.h */,
				955F315C192EEE4000DD0D71 /* XLRichJsonMessage.h */,
				955F315D192EEE4000DD0D71 /* XLXtifyOptions.h */,
				955F315E192EEE4000DD0D71 /* XLXtifyOptions.m */,
				955F315F192EEE4000DD0D71 /* XtifyGlobal.h */,
				955F3160192EEE4000DD0D71 /* XtifyPush.embeddedframework */,
			);
			path = XtifyLib;
			sourceTree = "<group>";
		};
		955F3144192EEE4000DD0D71 /* CustomInbox */ = {
			isa = PBXGroup;
			children = (
				955F3145192EEE4000DD0D71 /* AppInclude */,
				955F3155192EEE4000DD0D71 /* LibInclude */,
			);
			path = CustomInbox;
			sourceTree = "<group>";
		};
		955F3145192EEE4000DD0D71 /* AppInclude */ = {
			isa = PBXGroup;
			children = (
				955F3146192EEE4000DD0D71 /* CompanyCustomInbox.h */,
				955F3147192EEE4000DD0D71 /* CompanyCustomInbox.m */,
				955F3148192EEE4000DD0D71 /* CompanyDetailsVC.h */,
				955F3149192EEE4000DD0D71 /* CompanyDetailsVC.m */,
				955F314A192EEE4000DD0D71 /* CompanyDetailsVC.xib */,
				955F314B192EEE4000DD0D71 /* CompanyInbox.xcdatamodel */,
				955F314C192EEE4000DD0D71 /* CompanyInboxHandler.h */,
				955F314D192EEE4000DD0D71 /* CompanyInboxHandler.m */,
				955F314E192EEE4000DD0D71 /* CompanyInboxVC-pad.xib */,
				955F314F192EEE4000DD0D71 /* CompanyInboxVC.h */,
				955F3150192EEE4000DD0D71 /* CompanyInboxVC.m */,
				955F3151192EEE4000DD0D71 /* CompanyInboxVC.xib */,
				955F3152192EEE4000DD0D71 /* CompanyInboxViewCell.h */,
				955F3153192EEE4000DD0D71 /* CompanyInboxViewCell.m */,
				955F3154192EEE4000DD0D71 /* CompanyInboxViewCell.xib */,
			);
			path = AppInclude;
			sourceTree = "<group>";
		};
		955F3155192EEE4000DD0D71 /* LibInclude */ = {
			isa = PBXGroup;
			children = (
				955F3156192EEE4000DD0D71 /* XRInboxDbInterface.h */,
				955F3157192EEE4000DD0D71 /* XRInboxUiDbDelegate.h */,
			);
			path = LibInclude;
			sourceTree = "<group>";
		};
		955F3160192EEE4000DD0D71 /* XtifyPush.embeddedframework */ = {
			isa = PBXGroup;
			children = (
				955F3161192EEE4000DD0D71 /* Resources */,
				955F3168192EEE4000DD0D71 /* XtifyPush.framework */,
			);
			path = XtifyPush.embeddedframework;
			sourceTree = "<group>";
		};
		955F3161192EEE4000DD0D71 /* Resources */ = {
			isa = PBXGroup;
			children = (
				955F3162192EEE4000DD0D71 /* chime.caf */,
				955F3163192EEE4000DD0D71 /* ding.caf */,
				955F3164192EEE4000DD0D71 /* expireMsgTemplate.html */,
				955F3165192EEE4000DD0D71 /* richnotification.mom */,
				955F3166192EEE4000DD0D71 /* richnotificationV1.15.mom */,
				955F3167192EEE4000DD0D71 /* silence.caf */,
			);
			path = Resources;
			sourceTree = "<group>";
		};
		955F3193192EF13400DD0D71 /* Libraries */ = {
			isa = PBXGroup;
			children = (
				955F3195192EF15C00DD0D71 /* SI_Reachability.m */,
				955F3194192EF15100DD0D71 /* SI_Reachability.h */,
			);
			name = Libraries;
			sourceTree = "<group>";
		};
		9566CA1718DD531C002F3D89 /* Icons */ = {
			isa = PBXGroup;
			children = (
				9566CA0718DD5313002F3D89 /* Icon-40.png */,
				9557169818DD5B2C00FE61B1 /* splash35@2x.jpg */,
				9557169918DD5B2C00FE61B1 /* splash40@2x.jpg */,
				9566CA0818DD5313002F3D89 /* Icon-40@2x.png */,
				9566CA0918DD5313002F3D89 /* Icon-60.png */,
				9566CA0A18DD5313002F3D89 /* Icon-60@2x.png */,
				9566CA0B18DD5313002F3D89 /* Icon-76.png */,
				9566CA0C18DD5314002F3D89 /* Icon-76@2x.png */,
				9566CA0D18DD5314002F3D89 /* Icon-Small.png */,
				9566CA0E18DD5314002F3D89 /* Icon-Small@2x.png */,
			);
			name = Icons;
			sourceTree = "<group>";
		};
		95A0F65218DC730E00DEB0C7 = {
			isa = PBXGroup;
			children = (
				955F3143192EEE4000DD0D71 /* XtifyLib */,
				952C1AD5192AE93600964586 /* Main.storyboard */,
				95A0F66418DC730E00DEB0C7 /* StaplesInventory */,
				95A0F68618DC730E00DEB0C7 /* Staples InventoryTests */,
				95A0F65D18DC730E00DEB0C7 /* Frameworks */,
				95A0F65C18DC730E00DEB0C7 /* Products */,
				71DF080302C64F4ABA869FDF /* Pods.xcconfig */,
			);
			sourceTree = "<group>";
		};
		95A0F65C18DC730E00DEB0C7 /* Products */ = {
			isa = PBXGroup;
			children = (
				95A0F65B18DC730E00DEB0C7 /* StaplesInventory.app */,
				95A0F67F18DC730E00DEB0C7 /* StaplesInventoryTests.xctest */,
			);
			name = Products;
			sourceTree = "<group>";
		};
		95A0F65D18DC730E00DEB0C7 /* Frameworks */ = {
			isa = PBXGroup;
			children = (
				955F3191192EF0B300DD0D71 /* CoreTelephony.framework */,
				955F318F192EF0AA00DD0D71 /* MobileCoreServices.framework */,
				955F318D192EF09F00DD0D71 /* libz.1.1.3.dylib */,
				955F318B192EF09500DD0D71 /* libxml2.2.dylib */,
				955F3189192EF08900DD0D71 /* CFNetwork.framework */,
				955F3187192EF07D00DD0D71 /* CoreLocation.framework */,
				955F3185192EF07400DD0D71 /* MessageUI.framework */,
				955F3183192EF06A00DD0D71 /* CoreData.framework */,
				955F3181192EF05F00DD0D71 /* MapKit.framework */,
				955F317F192EF05500DD0D71 /* SystemConfiguration.framework */,
				955F3141192EE98200DD0D71 /* libPods-XtifyLib.a */,
				95A0F65E18DC730E00DEB0C7 /* Foundation.framework */,
				95A0F66018DC730E00DEB0C7 /* CoreGraphics.framework */,
				95A0F66218DC730E00DEB0C7 /* UIKit.framework */,
				95A0F68018DC730E00DEB0C7 /* XCTest.framework */,
				7A3B13C0CBB24EE987E24C06 /* libPods.a */,
			);
			name = Frameworks;
			sourceTree = "<group>";
		};
		95A0F66418DC730E00DEB0C7 /* StaplesInventory */ = {
			isa = PBXGroup;
			children = (
				955F3193192EF13400DD0D71 /* Libraries */,
				95A0F69718DCB0D900DEB0C7 /* Model */,
				95A0F69618DCB0C400DEB0C7 /* UI */,
				95A0F67918DC730E00DEB0C7 /* Images.xcassets */,
				95A0F66518DC730E00DEB0C7 /* Supporting Files */,
			);
			name = StaplesInventory;
			path = "Staples Inventory";
			sourceTree = "<group>";
		};
		95A0F66518DC730E00DEB0C7 /* Supporting Files */ = {
			isa = PBXGroup;
			children = (
				9566CA1718DD531C002F3D89 /* Icons */,
				95A0F66618DC730E00DEB0C7 /* StaplesInventory-Info.plist */,
				95A0F66718DC730E00DEB0C7 /* InfoPlist.strings */,
				95A0F66A18DC730E00DEB0C7 /* main.m */,
				95A0F66C18DC730E00DEB0C7 /* StaplesInventory-Prefix.pch */,
			);
			name = "Supporting Files";
			sourceTree = "<group>";
		};
		95A0F68618DC730E00DEB0C7 /* Staples InventoryTests */ = {
			isa = PBXGroup;
			children = (
				95A0F68C18DC730E00DEB0C7 /* Staples_InventoryTests.m */,
				95A0F68718DC730E00DEB0C7 /* Supporting Files */,
			);
			path = "Staples InventoryTests";
			sourceTree = "<group>";
		};
		95A0F68718DC730E00DEB0C7 /* Supporting Files */ = {
			isa = PBXGroup;
			children = (
				95A0F68818DC730E00DEB0C7 /* StaplesInventoryTests-Info.plist */,
				95A0F68918DC730E00DEB0C7 /* InfoPlist.strings */,
			);
			name = "Supporting Files";
			sourceTree = "<group>";
		};
		95A0F69618DCB0C400DEB0C7 /* UI */ = {
			isa = PBXGroup;
			children = (
				95A0F66D18DC730E00DEB0C7 /* SIAppDelegate.h */,
				95A0F66E18DC730E00DEB0C7 /* SIAppDelegate.m */,
				952C1AD8192AE93600964586 /* SIHomeViewController.h */,
				952C1AD9192AE93600964586 /* SIHomeViewController.m */,
				95A0F67318DC730E00DEB0C7 /* SIMasterViewController.h */,
				95A0F67418DC730E00DEB0C7 /* SIMasterViewController.m */,
				95A0F67618DC730E00DEB0C7 /* SIDetailViewController.h */,
				95A0F67718DC730E00DEB0C7 /* SIDetailViewController.m */,
				9566CA0018DD3E0F002F3D89 /* SIImageFetcher.h */,
				9566CA0118DD3E0F002F3D89 /* SIImageFetcher.m */,
			);
			name = UI;
			sourceTree = "<group>";
		};
		95A0F69718DCB0D900DEB0C7 /* Model */ = {
			isa = PBXGroup;
			children = (
				95A0F69818DCB14400DEB0C7 /* SISkuData.h */,
				95A0F69918DCB14400DEB0C7 /* SISkuData.m */,
				954A22231936D27E00FF9E3A /* urlConstants.h */,
			);
			name = Model;
			sourceTree = "<group>";
		};
/* End PBXGroup section */

/* Begin PBXNativeTarget section */
		95A0F65A18DC730E00DEB0C7 /* StaplesInventory */ = {
			isa = PBXNativeTarget;
			buildConfigurationList = 95A0F69018DC730E00DEB0C7 /* Build configuration list for PBXNativeTarget "StaplesInventory" */;
			buildPhases = (
				47DF90E427364051A9C323E8 /* Check Pods Manifest.lock */,
				95A0F65718DC730E00DEB0C7 /* Sources */,
				95A0F65818DC730E00DEB0C7 /* Frameworks */,
				95A0F65918DC730E00DEB0C7 /* Resources */,
				FAE6FAA2A0C04FAE98D87515 /* Copy Pods Resources */,
			);
			buildRules = (
			);
			dependencies = (
			);
			name = StaplesInventory;
			productName = "Staples Inventory";
			productReference = 95A0F65B18DC730E00DEB0C7 /* StaplesInventory.app */;
			productType = "com.apple.product-type.application";
		};
		95A0F67E18DC730E00DEB0C7 /* StaplesInventoryTests */ = {
			isa = PBXNativeTarget;
			buildConfigurationList = 95A0F69318DC730E00DEB0C7 /* Build configuration list for PBXNativeTarget "StaplesInventoryTests" */;
			buildPhases = (
				95A0F67B18DC730E00DEB0C7 /* Sources */,
				95A0F67C18DC730E00DEB0C7 /* Frameworks */,
				95A0F67D18DC730E00DEB0C7 /* Resources */,
			);
			buildRules = (
			);
			dependencies = (
				95A0F68518DC730E00DEB0C7 /* PBXTargetDependency */,
			);
			name = StaplesInventoryTests;
			productName = "Staples InventoryTests";
			productReference = 95A0F67F18DC730E00DEB0C7 /* StaplesInventoryTests.xctest */;
			productType = "com.apple.product-type.bundle.unit-test";
		};
/* End PBXNativeTarget section */

/* Begin PBXProject section */
		95A0F65318DC730E00DEB0C7 /* Project object */ = {
			isa = PBXProject;
			attributes = {
				CLASSPREFIX = SI;
				LastUpgradeCheck = 0510;
				ORGANIZATIONNAME = "Staples Inc";
				TargetAttributes = {
					95A0F65A18DC730E00DEB0C7 = {
						DevelopmentTeam = 5U6L4GNV9C;
					};
					95A0F67E18DC730E00DEB0C7 = {
						TestTargetID = 95A0F65A18DC730E00DEB0C7;
					};
				};
			};
			buildConfigurationList = 95A0F65618DC730E00DEB0C7 /* Build configuration list for PBXProject "StaplesInventory" */;
			compatibilityVersion = "Xcode 3.2";
			developmentRegion = English;
			hasScannedForEncodings = 0;
			knownRegions = (
				en,
				Base,
			);
			mainGroup = 95A0F65218DC730E00DEB0C7;
			productRefGroup = 95A0F65C18DC730E00DEB0C7 /* Products */;
			projectDirPath = "";
			projectRoot = "";
			targets = (
				95A0F65A18DC730E00DEB0C7 /* StaplesInventory */,
				95A0F67E18DC730E00DEB0C7 /* StaplesInventoryTests */,
			);
		};
/* End PBXProject section */

/* Begin PBXResourcesBuildPhase section */
		95A0F65918DC730E00DEB0C7 /* Resources */ = {
			isa = PBXResourcesBuildPhase;
			buildActionMask = 2147483647;
			files = (
				95A0F67A18DC730E00DEB0C7 /* Images.xcassets in Resources */,
				9566CA1518DD5314002F3D89 /* Icon-Small.png in Resources */,
				955F316E192EEE4000DD0D71 /* CompanyInboxVC-pad.xib in Resources */,
				955F3170192EEE4000DD0D71 /* CompanyInboxVC.xib in Resources */,
				95A0F66918DC730E00DEB0C7 /* InfoPlist.strings in Resources */,
				955F3179192EEE4000DD0D71 /* silence.caf in Resources */,
				9566CA1018DD5314002F3D89 /* Icon-40@2x.png in Resources */,
				952C1ADA192AE93600964586 /* Main.storyboard in Resources */,
				9566CA1118DD5314002F3D89 /* Icon-60.png in Resources */,
				9557169B18DD5B2C00FE61B1 /* splash40@2x.jpg in Resources */,
				955F3175192EEE4000DD0D71 /* ding.caf in Resources */,
				955F3177192EEE4000DD0D71 /* richnotification.mom in Resources */,
				955F3174192EEE4000DD0D71 /* chime.caf in Resources */,
				955F3172192EEE4000DD0D71 /* CompanyInboxViewCell.xib in Resources */,
				9566CA0F18DD5314002F3D89 /* Icon-40.png in Resources */,
				955F3176192EEE4000DD0D71 /* expireMsgTemplate.html in Resources */,
				9557169A18DD5B2C00FE61B1 /* splash35@2x.jpg in Resources */,
				955F316B192EEE4000DD0D71 /* CompanyDetailsVC.xib in Resources */,
				9566CA1218DD5314002F3D89 /* Icon-60@2x.png in Resources */,
				955F3178192EEE4000DD0D71 /* richnotificationV1.15.mom in Resources */,
				9566CA1618DD5314002F3D89 /* Icon-Small@2x.png in Resources */,
				9566CA1418DD5314002F3D89 /* Icon-76@2x.png in Resources */,
				9566CA1318DD5314002F3D89 /* Icon-76.png in Resources */,
			);
			runOnlyForDeploymentPostprocessing = 0;
		};
		95A0F67D18DC730E00DEB0C7 /* Resources */ = {
			isa = PBXResourcesBuildPhase;
			buildActionMask = 2147483647;
			files = (
				95A0F68B18DC730E00DEB0C7 /* InfoPlist.strings in Resources */,
			);
			runOnlyForDeploymentPostprocessing = 0;
		};
/* End PBXResourcesBuildPhase section */

/* Begin PBXShellScriptBuildPhase section */
		47DF90E427364051A9C323E8 /* Check Pods Manifest.lock */ = {
			isa = PBXShellScriptBuildPhase;
			buildActionMask = 2147483647;
			files = (
			);
			inputPaths = (
			);
			name = "Check Pods Manifest.lock";
			outputPaths = (
			);
			runOnlyForDeploymentPostprocessing = 0;
			shellPath = /bin/sh;
			shellScript = "diff \"${PODS_ROOT}/../Podfile.lock\" \"${PODS_ROOT}/Manifest.lock\" > /dev/null\nif [[ $? != 0 ]] ; then\n    cat << EOM\nerror: The sandbox is not in sync with the Podfile.lock. Run 'pod install' or update your CocoaPods installation.\nEOM\n    exit 1\nfi\n";
			showEnvVarsInLog = 0;
		};
		FAE6FAA2A0C04FAE98D87515 /* Copy Pods Resources */ = {
			isa = PBXShellScriptBuildPhase;
			buildActionMask = 2147483647;
			files = (
			);
			inputPaths = (
			);
			name = "Copy Pods Resources";
			outputPaths = (
			);
			runOnlyForDeploymentPostprocessing = 0;
			shellPath = /bin/sh;
			shellScript = "\"${SRCROOT}/Pods/Pods-resources.sh\"\n";
			showEnvVarsInLog = 0;
		};
/* End PBXShellScriptBuildPhase section */

/* Begin PBXSourcesBuildPhase section */
		95A0F65718DC730E00DEB0C7 /* Sources */ = {
			isa = PBXSourcesBuildPhase;
			buildActionMask = 2147483647;
			files = (
				955F316A192EEE4000DD0D71 /* CompanyDetailsVC.m in Sources */,
				955F316D192EEE4000DD0D71 /* CompanyInboxHandler.m in Sources */,
				95A0F67518DC730E00DEB0C7 /* SIMasterViewController.m in Sources */,
				955F3169192EEE4000DD0D71 /* CompanyCustomInbox.m in Sources */,
				955F3196192EF15C00DD0D71 /* SI_Reachability.m in Sources */,
				955F316C192EEE4000DD0D71 /* CompanyInbox.xcdatamodel in Sources */,
				952C1ADC192AE93600964586 /* SIHomeViewController.m in Sources */,
				9566CA0218DD3E0F002F3D89 /* SIImageFetcher.m in Sources */,
				955F316F192EEE4000DD0D71 /* CompanyInboxVC.m in Sources */,
				95A0F67818DC730E00DEB0C7 /* SIDetailViewController.m in Sources */,
				95A0F66F18DC730E00DEB0C7 /* SIAppDelegate.m in Sources */,
				955F3171192EEE4000DD0D71 /* CompanyInboxViewCell.m in Sources */,
				95A0F69A18DCB14400DEB0C7 /* SISkuData.m in Sources */,
				95A0F66B18DC730E00DEB0C7 /* main.m in Sources */,
				955F3173192EEE4000DD0D71 /* XLXtifyOptions.m in Sources */,
			);
			runOnlyForDeploymentPostprocessing = 0;
		};
		95A0F67B18DC730E00DEB0C7 /* Sources */ = {
			isa = PBXSourcesBuildPhase;
			buildActionMask = 2147483647;
			files = (
				95A0F68D18DC730E00DEB0C7 /* Staples_InventoryTests.m in Sources */,
			);
			runOnlyForDeploymentPostprocessing = 0;
		};
/* End PBXSourcesBuildPhase section */

/* Begin PBXTargetDependency section */
		95A0F68518DC730E00DEB0C7 /* PBXTargetDependency */ = {
			isa = PBXTargetDependency;
			target = 95A0F65A18DC730E00DEB0C7 /* StaplesInventory */;
			targetProxy = 95A0F68418DC730E00DEB0C7 /* PBXContainerItemProxy */;
		};
/* End PBXTargetDependency section */

/* Begin PBXVariantGroup section */
		95A0F66718DC730E00DEB0C7 /* InfoPlist.strings */ = {
			isa = PBXVariantGroup;
			children = (
				95A0F66818DC730E00DEB0C7 /* en */,
			);
			name = InfoPlist.strings;
			sourceTree = "<group>";
		};
		95A0F68918DC730E00DEB0C7 /* InfoPlist.strings */ = {
			isa = PBXVariantGroup;
			children = (
				95A0F68A18DC730E00DEB0C7 /* en */,
			);
			name = InfoPlist.strings;
			sourceTree = "<group>";
		};
/* End PBXVariantGroup section */

/* Begin XCBuildConfiguration section */
		95A0F68E18DC730E00DEB0C7 /* Debug */ = {
			isa = XCBuildConfiguration;
			buildSettings = {
				ALWAYS_SEARCH_USER_PATHS = NO;
				CLANG_CXX_LANGUAGE_STANDARD = "gnu++0x";
				CLANG_CXX_LIBRARY = "libc++";
				CLANG_ENABLE_MODULES = YES;
				CLANG_ENABLE_OBJC_ARC = YES;
				CLANG_WARN_BOOL_CONVERSION = YES;
				CLANG_WARN_CONSTANT_CONVERSION = YES;
				CLANG_WARN_DIRECT_OBJC_ISA_USAGE = YES_ERROR;
				CLANG_WARN_EMPTY_BODY = YES;
				CLANG_WARN_ENUM_CONVERSION = YES;
				CLANG_WARN_INT_CONVERSION = YES;
				CLANG_WARN_OBJC_ROOT_CLASS = YES_ERROR;
				CLANG_WARN__DUPLICATE_METHOD_MATCH = YES;
				"CODE_SIGN_IDENTITY[sdk=iphoneos*]" = "iPhone Developer";
				COPY_PHASE_STRIP = NO;
				GCC_C_LANGUAGE_STANDARD = gnu99;
				GCC_DYNAMIC_NO_PIC = NO;
				GCC_OPTIMIZATION_LEVEL = 0;
				GCC_PREPROCESSOR_DEFINITIONS = (
					"DEBUG=1",
					"$(inherited)",
				);
				GCC_SYMBOLS_PRIVATE_EXTERN = NO;
				GCC_WARN_64_TO_32_BIT_CONVERSION = YES;
				GCC_WARN_ABOUT_RETURN_TYPE = YES_ERROR;
				GCC_WARN_UNDECLARED_SELECTOR = YES;
				GCC_WARN_UNINITIALIZED_AUTOS = YES_AGGRESSIVE;
				GCC_WARN_UNUSED_FUNCTION = YES;
				GCC_WARN_UNUSED_VARIABLE = YES;
				IPHONEOS_DEPLOYMENT_TARGET = 7.0;
				ONLY_ACTIVE_ARCH = YES;
				SDKROOT = iphoneos;
			};
			name = Debug;
		};
		95A0F68F18DC730E00DEB0C7 /* Release */ = {
			isa = XCBuildConfiguration;
			buildSettings = {
				ALWAYS_SEARCH_USER_PATHS = NO;
				CLANG_CXX_LANGUAGE_STANDARD = "gnu++0x";
				CLANG_CXX_LIBRARY = "libc++";
				CLANG_ENABLE_MODULES = YES;
				CLANG_ENABLE_OBJC_ARC = YES;
				CLANG_WARN_BOOL_CONVERSION = YES;
				CLANG_WARN_CONSTANT_CONVERSION = YES;
				CLANG_WARN_DIRECT_OBJC_ISA_USAGE = YES_ERROR;
				CLANG_WARN_EMPTY_BODY = YES;
				CLANG_WARN_ENUM_CONVERSION = YES;
				CLANG_WARN_INT_CONVERSION = YES;
				CLANG_WARN_OBJC_ROOT_CLASS = YES_ERROR;
				CLANG_WARN__DUPLICATE_METHOD_MATCH = YES;
				"CODE_SIGN_IDENTITY[sdk=iphoneos*]" = "iPhone Developer";
				COPY_PHASE_STRIP = YES;
				ENABLE_NS_ASSERTIONS = NO;
				GCC_C_LANGUAGE_STANDARD = gnu99;
				GCC_WARN_64_TO_32_BIT_CONVERSION = YES;
				GCC_WARN_ABOUT_RETURN_TYPE = YES_ERROR;
				GCC_WARN_UNDECLARED_SELECTOR = YES;
				GCC_WARN_UNINITIALIZED_AUTOS = YES_AGGRESSIVE;
				GCC_WARN_UNUSED_FUNCTION = YES;
				GCC_WARN_UNUSED_VARIABLE = YES;
				IPHONEOS_DEPLOYMENT_TARGET = 7.0;
				SDKROOT = iphoneos;
				VALIDATE_PRODUCT = YES;
			};
			name = Release;
		};
		95A0F69118DC730E00DEB0C7 /* Debug */ = {
			isa = XCBuildConfiguration;
			baseConfigurationReference = 71DF080302C64F4ABA869FDF /* Pods.xcconfig */;
			buildSettings = {
				ASSETCATALOG_COMPILER_APPICON_NAME = AppIcon;
				ASSETCATALOG_COMPILER_LAUNCHIMAGE_NAME = LaunchImage;
				CODE_SIGN_IDENTITY = "iPhone Developer";
				FRAMEWORK_SEARCH_PATHS = (
					"$(inherited)",
					"$(PROJECT_DIR)/XtifyLib/XtifyPush.embeddedframework",
				);
				GCC_PRECOMPILE_PREFIX_HEADER = YES;
				GCC_PREFIX_HEADER = "Staples Inventory/StaplesInventory-Prefix.pch";
				INFOPLIST_FILE = "$(SRCROOT)/Staples Inventory/StaplesInventory-Info.plist";
				IPHONEOS_DEPLOYMENT_TARGET = 6.0;
				LIBRARY_SEARCH_PATHS = (
					"$(inherited)",
					"$(PROJECT_DIR)/Pods/build/Debug-iphoneos",
				);
				PRODUCT_NAME = StaplesInventory;
				TARGETED_DEVICE_FAMILY = 1;
				VALID_ARCHS = "armv7 armv7s";
				WRAPPER_EXTENSION = app;
			};
			name = Debug;
		};
		95A0F69218DC730E00DEB0C7 /* Release */ = {
			isa = XCBuildConfiguration;
			baseConfigurationReference = 71DF080302C64F4ABA869FDF /* Pods.xcconfig */;
			buildSettings = {
				ASSETCATALOG_COMPILER_APPICON_NAME = AppIcon;
				ASSETCATALOG_COMPILER_LAUNCHIMAGE_NAME = LaunchImage;
				CODE_SIGN_IDENTITY = "iPhone Developer";
				FRAMEWORK_SEARCH_PATHS = (
					"$(inherited)",
					"$(PROJECT_DIR)/XtifyLib/XtifyPush.embeddedframework",
				);
				GCC_PRECOMPILE_PREFIX_HEADER = YES;
				GCC_PREFIX_HEADER = "Staples Inventory/StaplesInventory-Prefix.pch";
				INFOPLIST_FILE = "$(SRCROOT)/Staples Inventory/StaplesInventory-Info.plist";
				IPHONEOS_DEPLOYMENT_TARGET = 6.0;
				LIBRARY_SEARCH_PATHS = (
					"$(inherited)",
					"$(PROJECT_DIR)/Pods/build/Debug-iphoneos",
				);
				PRODUCT_NAME = StaplesInventory;
				TARGETED_DEVICE_FAMILY = 1;
				VALID_ARCHS = "armv7 armv7s";
				WRAPPER_EXTENSION = app;
			};
			name = Release;
		};
		95A0F69418DC730E00DEB0C7 /* Debug */ = {
			isa = XCBuildConfiguration;
			buildSettings = {
				BUNDLE_LOADER = "$(BUILT_PRODUCTS_DIR)/Staples Inventory.app/Staples Inventory";
				FRAMEWORK_SEARCH_PATHS = (
					"$(SDKROOT)/Developer/Library/Frameworks",
					"$(inherited)",
					"$(DEVELOPER_FRAMEWORKS_DIR)",
				);
				GCC_PRECOMPILE_PREFIX_HEADER = YES;
				GCC_PREFIX_HEADER = "Staples Inventory/Staples Inventory-Prefix.pch";
				GCC_PREPROCESSOR_DEFINITIONS = (
					"DEBUG=1",
					"$(inherited)",
				);
				INFOPLIST_FILE = "Staples InventoryTests/StaplesInventoryTests-Info.plist";
				PRODUCT_NAME = StaplesInventoryTests;
				TEST_HOST = "$(BUNDLE_LOADER)";
				WRAPPER_EXTENSION = xctest;
			};
			name = Debug;
		};
		95A0F69518DC730E00DEB0C7 /* Release */ = {
			isa = XCBuildConfiguration;
			buildSettings = {
				BUNDLE_LOADER = "$(BUILT_PRODUCTS_DIR)/Staples Inventory.app/Staples Inventory";
				FRAMEWORK_SEARCH_PATHS = (
					"$(SDKROOT)/Developer/Library/Frameworks",
					"$(inherited)",
					"$(DEVELOPER_FRAMEWORKS_DIR)",
				);
				GCC_PRECOMPILE_PREFIX_HEADER = YES;
				GCC_PREFIX_HEADER = "Staples Inventory/Staples Inventory-Prefix.pch";
				INFOPLIST_FILE = "Staples InventoryTests/StaplesInventoryTests-Info.plist";
				PRODUCT_NAME = StaplesInventoryTests;
				TEST_HOST = "$(BUNDLE_LOADER)";
				WRAPPER_EXTENSION = xctest;
			};
			name = Release;
		};
/* End XCBuildConfiguration section */

/* Begin XCConfigurationList section */
		95A0F65618DC730E00DEB0C7 /* Build configuration list for PBXProject "StaplesInventory" */ = {
			isa = XCConfigurationList;
			buildConfigurations = (
				95A0F68E18DC730E00DEB0C7 /* Debug */,
				95A0F68F18DC730E00DEB0C7 /* Release */,
			);
			defaultConfigurationIsVisible = 0;
			defaultConfigurationName = Release;
		};
		95A0F69018DC730E00DEB0C7 /* Build configuration list for PBXNativeTarget "StaplesInventory" */ = {
			isa = XCConfigurationList;
			buildConfigurations = (
				95A0F69118DC730E00DEB0C7 /* Debug */,
				95A0F69218DC730E00DEB0C7 /* Release */,
			);
			defaultConfigurationIsVisible = 0;
			defaultConfigurationName = Release;
		};
		95A0F69318DC730E00DEB0C7 /* Build configuration list for PBXNativeTarget "StaplesInventoryTests" */ = {
			isa = XCConfigurationList;
			buildConfigurations = (
				95A0F69418DC730E00DEB0C7 /* Debug */,
				95A0F69518DC730E00DEB0C7 /* Release */,
			);
			defaultConfigurationIsVisible = 0;
			defaultConfigurationName = Release;
		};
/* End XCConfigurationList section */
	};
	rootObject = 95A0F65318DC730E00DEB0C7 /* Project object */;
}
